{
  "name": "esm-import-tree",
  "version": "0.0.1",
  "lockfileVersion": 3,
  "requires": true,
  "packages": {
    "": {
      "name": "esm-import-tree",
      "version": "0.0.1",
      "license": "MIT",
      "dependencies": {
        "json5": "^2.2.3",
        "lodash-es": "^4.17.21",
        "rtvjs": "^5.0.0"
      }
    },
    "node_modules/@babel/runtime": {
      "version": "7.25.0",
      "resolved": "https://registry.npmjs.org/@babel/runtime/-/runtime-7.25.0.tgz",
      "integrity": "sha512-7dRy4DwXwtzBrPbZflqxnvfxLF8kdZXPkhymtDeFoFqE6ldzjQFgYTtYIFARcLEYDrqfBfYcZt1WqFxRoyC9Rw==",
      "license": "MIT",
      "peer": true,
      "dependencies": {
        "regenerator-runtime": "^0.14.0"
      },
      "engines": {
        "node": ">=6.9.0"
      }
    },
    "node_modules/json5": {
      "version": "2.2.3",
      "resolved": "https://registry.npmjs.org/json5/-/json5-2.2.3.tgz",
      "integrity": "sha512-XmOWe7eyHYH14cLdVPoyg+GOH3rYX++KpzrylJwSW98t3Nk+U8XOl8FWKOgwtzdb8lXGf6zYwDUzeHMWfxasyg==",
      "license": "MIT",
      "bin": {
        "json5": "lib/cli.js"
      },
      "engines": {
        "node": ">=6"
      }
    },
    "node_modules/lodash-es": {
      "version": "4.17.21",
      "resolved": "https://registry.npmjs.org/lodash-es/-/lodash-es-4.17.21.tgz",
      "integrity": "sha512-mKnC+QJ9pWVzv+C4/U3rRsHapFfHvQFoFB92e52xeyGMcX6/OlIl78je1u8vePzYZSkkogMPJ2yjxxsb89cxyw==",
      "license": "MIT"
    },
    "node_modules/regenerator-runtime": {
      "version": "0.14.1",
      "resolved": "https://registry.npmjs.org/regenerator-runtime/-/regenerator-runtime-0.14.1.tgz",
      "integrity": "sha512-dYnhHh0nJoMfnkZs6GmmhFknAGRrLznOu5nc9ML+EJxGvrx6H7teuevqVqCuPcPK//3eDrrjQhehXVx9cnkGdw==",
      "license": "MIT",
      "peer": true
    },
    "node_modules/rtvjs": {
      "version": "5.0.0",
      "resolved": "https://registry.npmjs.org/rtvjs/-/rtvjs-5.0.0.tgz",
      "integrity": "sha512-VM7aVXUgEnvGjy2KWIQ0rGVPI7KfbsfuPTk1T6880Om8XcBgCtmRi1pYNrbns2b/o8XjI6Aauuk1VEGVWCMbkQ==",
      "license": "MIT",
      "engines": {
        "node": ">=16.12.0",
        "npm": ">=10.0.0"
      },
      "peerDependencies": {
        "@babel/runtime": "^7.24.5",
        "lodash-es": "^4.17.21"
      }
    }
  }
}
